
Microsoft Visual Studio Solution File, Format Version 12.00
# Visual Studio 2012
Project("{FAE04EC0-301F-11D3-BF4B-00C04F79EFBC}") = "Dan Casper Editor", "Dan Casper Editor\Dan Casper Editor.csproj", "{4ABC7699-4F99-45CB-A6EC-B7DF5325506C}"
EndProject
Global
	GlobalSection(SolutionConfigurationPlatforms) = preSolution
		Debug|Any CPU = Debug|Any CPU
		Release|Any CPU = Release|Any CPU
	EndGlobalSection
	GlobalSection(ProjectConfigurationPlatforms) = postSolution
		{4ABC7699-4F99-45CB-A6EC-B7DF5325506C}.Debug|Any CPU.ActiveCfg = Debug|Any CPU
		{4ABC7699-4F99-45CB-A6EC-B7DF5325506C}.Debug|Any CPU.Build.0 = Debug|Any CPU
		{4ABC7699-4F99-45CB-A6EC-B7DF5325506C}.Release|Any CPU.ActiveCfg = Release|Any CPU
		{4ABC7699-4F99-45CB-A6EC-B7DF5325506C}.Release|Any CPU.Build.0 = Release|Any CPU
	EndGlobalSection
	GlobalSection(SolutionProperties) = preSolution
		HideSolutionNode = FALSE
	EndGlobalSection
EndGlobal
